
Microsoft Visual Studio Solution File, Format Version 12.00
# Visual Studio Version 17
VisualStudioVersion = 17.7.34031.279
MinimumVisualStudioVersion = 10.0.40219.1
Project("{9A19103F-16F7-4668-BE54-9A1E7A4F7556}") = "Ex01", "Ex01.csproj", "{095BE12C-4AE4-4307-A54F-9CE442E77174}"
EndProject
Project("{9A19103F-16F7-4668-BE54-9A1E7A4F7556}") = "Ex02", "..\Ex02\Ex02.csproj", "{FD4BC9A1-8188-4A25-B0FB-E6781074C6A2}"
EndProject
Project("{FAE04EC0-301F-11D3-BF4B-00C04F79EFBC}") = "Ex03", "..\Ex03\Ex03.csproj", "{F5C7DD16-E22C-4542-BE67-12A908173B34}"
EndProject
Project("{FAE04EC0-301F-11D3-BF4B-00C04F79EFBC}") = "Ex04", "..\Ex04\Ex04.csproj", "{1B1EAF78-EBB4-49EE-948B-B8B43824478C}"
EndProject
Project("{FAE04EC0-301F-11D3-BF4B-00C04F79EFBC}") = "Ex05", "..\Ex05\Ex05.csproj", "{A09DC547-CEBF-4FFD-A8DE-A3F2A9B3669D}"
EndProject
Project("{FAE04EC0-301F-11D3-BF4B-00C04F79EFBC}") = "Ex06", "..\Ex06\Ex06.csproj", "{172AE708-4ACA-49CA-91C4-FA95735D2F8D}"
EndProject
Project("{FAE04EC0-301F-11D3-BF4B-00C04F79EFBC}") = "Ex07", "..\Ex07\Ex07.csproj", "{BD4A8853-B883-41E6-A6A2-3B21557E0753}"
EndProject
Project("{FAE04EC0-301F-11D3-BF4B-00C04F79EFBC}") = "Ex08", "..\Ex08\Ex08.csproj", "{FE8571ED-44EF-40C6-9839-E88573F58090}"
EndProject
Project("{FAE04EC0-301F-11D3-BF4B-00C04F79EFBC}") = "Ex09", "..\Ex09\Ex09.csproj", "{C0CEDB2B-D4C2-4FDE-8BE1-A3110723EE4C}"
EndProject
Project("{FAE04EC0-301F-11D3-BF4B-00C04F79EFBC}") = "Ex13", "..\Ex013\Ex13.csproj", "{8AD27BFD-15F1-47EF-8247-92ADC09CF457}"
EndProject
Project("{FAE04EC0-301F-11D3-BF4B-00C04F79EFBC}") = "Ex10", "..\Ex10\Ex10.csproj", "{0A191928-1CD0-4F9C-9678-59D85DCA465E}"
EndProject
Project("{FAE04EC0-301F-11D3-BF4B-00C04F79EFBC}") = "Ex11", "..\Ex11\Ex11.csproj", "{CA8FA5E7-5F6D-4894-9B13-06AE73B36C7D}"
EndProject
Project("{FAE04EC0-301F-11D3-BF4B-00C04F79EFBC}") = "Ex12", "..\Ex12\Ex12.csproj", "{A1649494-953B-4DA0-B44B-80B69C0CD107}"
EndProject
Global
	GlobalSection(SolutionConfigurationPlatforms) = preSolution
		Debug|Any CPU = Debug|Any CPU
		Release|Any CPU = Release|Any CPU
	EndGlobalSection
	GlobalSection(ProjectConfigurationPlatforms) = postSolution
		{095BE12C-4AE4-4307-A54F-9CE442E77174}.Debug|Any CPU.ActiveCfg = Debug|Any CPU
		{095BE12C-4AE4-4307-A54F-9CE442E77174}.Debug|Any CPU.Build.0 = Debug|Any CPU
		{095BE12C-4AE4-4307-A54F-9CE442E77174}.Release|Any CPU.ActiveCfg = Release|Any CPU
		{095BE12C-4AE4-4307-A54F-9CE442E77174}.Release|Any CPU.Build.0 = Release|Any CPU
		{FD4BC9A1-8188-4A25-B0FB-E6781074C6A2}.Debug|Any CPU.ActiveCfg = Debug|Any CPU
		{FD4BC9A1-8188-4A25-B0FB-E6781074C6A2}.Debug|Any CPU.Build.0 = Debug|Any CPU
		{FD4BC9A1-8188-4A25-B0FB-E6781074C6A2}.Release|Any CPU.ActiveCfg = Release|Any CPU
		{FD4BC9A1-8188-4A25-B0FB-E6781074C6A2}.Release|Any CPU.Build.0 = Release|Any CPU
		{F5C7DD16-E22C-4542-BE67-12A908173B34}.Debug|Any CPU.ActiveCfg = Debug|Any CPU
		{F5C7DD16-E22C-4542-BE67-12A908173B34}.Debug|Any CPU.Build.0 = Debug|Any CPU
		{F5C7DD16-E22C-4542-BE67-12A908173B34}.Release|Any CPU.ActiveCfg = Release|Any CPU
		{F5C7DD16-E22C-4542-BE67-12A908173B34}.Release|Any CPU.Build.0 = Release|Any CPU
		{1B1EAF78-EBB4-49EE-948B-B8B43824478C}.Debug|Any CPU.ActiveCfg = Debug|Any CPU
		{1B1EAF78-EBB4-49EE-948B-B8B43824478C}.Debug|Any CPU.Build.0 = Debug|Any CPU
		{1B1EAF78-EBB4-49EE-948B-B8B43824478C}.Release|Any CPU.ActiveCfg = Release|Any CPU
		{1B1EAF78-EBB4-49EE-948B-B8B43824478C}.Release|Any CPU.Build.0 = Release|Any CPU
		{A09DC547-CEBF-4FFD-A8DE-A3F2A9B3669D}.Debug|Any CPU.ActiveCfg = Debug|Any CPU
		{A09DC547-CEBF-4FFD-A8DE-A3F2A9B3669D}.Debug|Any CPU.Build.0 = Debug|Any CPU
		{A09DC547-CEBF-4FFD-A8DE-A3F2A9B3669D}.Release|Any CPU.ActiveCfg = Release|Any CPU
		{A09DC547-CEBF-4FFD-A8DE-A3F2A9B3669D}.Release|Any CPU.Build.0 = Release|Any CPU
		{172AE708-4ACA-49CA-91C4-FA95735D2F8D}.Debug|Any CPU.ActiveCfg = Debug|Any CPU
		{172AE708-4ACA-49CA-91C4-FA95735D2F8D}.Debug|Any CPU.Build.0 = Debug|Any CPU
		{172AE708-4ACA-49CA-91C4-FA95735D2F8D}.Release|Any CPU.ActiveCfg = Release|Any CPU
		{172AE708-4ACA-49CA-91C4-FA95735D2F8D}.Release|Any CPU.Build.0 = Release|Any CPU
		{BD4A8853-B883-41E6-A6A2-3B21557E0753}.Debug|Any CPU.ActiveCfg = Debug|Any CPU
		{BD4A8853-B883-41E6-A6A2-3B21557E0753}.Debug|Any CPU.Build.0 = Debug|Any CPU
		{BD4A8853-B883-41E6-A6A2-3B21557E0753}.Release|Any CPU.ActiveCfg = Release|Any CPU
		{BD4A8853-B883-41E6-A6A2-3B21557E0753}.Release|Any CPU.Build.0 = Release|Any CPU
		{FE8571ED-44EF-40C6-9839-E88573F58090}.Debug|Any CPU.ActiveCfg = Debug|Any CPU
		{FE8571ED-44EF-40C6-9839-E88573F58090}.Debug|Any CPU.Build.0 = Debug|Any CPU
		{FE8571ED-44EF-40C6-9839-E88573F58090}.Release|Any CPU.ActiveCfg = Release|Any CPU
		{FE8571ED-44EF-40C6-9839-E88573F58090}.Release|Any CPU.Build.0 = Release|Any CPU
		{C0CEDB2B-D4C2-4FDE-8BE1-A3110723EE4C}.Debug|Any CPU.ActiveCfg = Debug|Any CPU
		{C0CEDB2B-D4C2-4FDE-8BE1-A3110723EE4C}.Debug|Any CPU.Build.0 = Debug|Any CPU
		{C0CEDB2B-D4C2-4FDE-8BE1-A3110723EE4C}.Release|Any CPU.ActiveCfg = Release|Any CPU
		{C0CEDB2B-D4C2-4FDE-8BE1-A3110723EE4C}.Release|Any CPU.Build.0 = Release|Any CPU
		{8AD27BFD-15F1-47EF-8247-92ADC09CF457}.Debug|Any CPU.ActiveCfg = Debug|Any CPU
		{8AD27BFD-15F1-47EF-8247-92ADC09CF457}.Debug|Any CPU.Build.0 = Debug|Any CPU
		{8AD27BFD-15F1-47EF-8247-92ADC09CF457}.Release|Any CPU.ActiveCfg = Release|Any CPU
		{8AD27BFD-15F1-47EF-8247-92ADC09CF457}.Release|Any CPU.Build.0 = Release|Any CPU
		{0A191928-1CD0-4F9C-9678-59D85DCA465E}.Debug|Any CPU.ActiveCfg = Debug|Any CPU
		{0A191928-1CD0-4F9C-9678-59D85DCA465E}.Debug|Any CPU.Build.0 = Debug|Any CPU
		{0A191928-1CD0-4F9C-9678-59D85DCA465E}.Release|Any CPU.ActiveCfg = Release|Any CPU
		{0A191928-1CD0-4F9C-9678-59D85DCA465E}.Release|Any CPU.Build.0 = Release|Any CPU
		{CA8FA5E7-5F6D-4894-9B13-06AE73B36C7D}.Debug|Any CPU.ActiveCfg = Debug|Any CPU
		{CA8FA5E7-5F6D-4894-9B13-06AE73B36C7D}.Debug|Any CPU.Build.0 = Debug|Any CPU
		{CA8FA5E7-5F6D-4894-9B13-06AE73B36C7D}.Release|Any CPU.ActiveCfg = Release|Any CPU
		{CA8FA5E7-5F6D-4894-9B13-06AE73B36C7D}.Release|Any CPU.Build.0 = Release|Any CPU
		{A1649494-953B-4DA0-B44B-80B69C0CD107}.Debug|Any CPU.ActiveCfg = Debug|Any CPU
		{A1649494-953B-4DA0-B44B-80B69C0CD107}.Debug|Any CPU.Build.0 = Debug|Any CPU
		{A1649494-953B-4DA0-B44B-80B69C0CD107}.Release|Any CPU.ActiveCfg = Release|Any CPU
		{A1649494-953B-4DA0-B44B-80B69C0CD107}.Release|Any CPU.Build.0 = Release|Any CPU
	EndGlobalSection
	GlobalSection(SolutionProperties) = preSolution
		HideSolutionNode = FALSE
	EndGlobalSection
	GlobalSection(ExtensibilityGlobals) = postSolution
		SolutionGuid = {43DF89CE-66BB-4089-A375-5622D1181FBF}
	EndGlobalSection
EndGlobal
